{
  "version": 4,
  "terraform_version": "1.14.6",
  "serial": 7,
  "lineage": "1a036402-860d-ad15-750d-184dae2dc0b6",
  "outputs": {
    "repository_ssh_clone_url": {
      "value": "git@github.com:sonesuke/cypher-rs.git",
      "type": "string"
    },
    "repository_url": {
      "value": "https://github.com/sonesuke/cypher-rs",
      "type": "string"
    }
  },
  "resources": [
    {
      "mode": "managed",
      "type": "github_repository",
      "name": "repo",
      "provider": "provider[\"registry.terraform.io/integrations/github\"]",
      "instances": [
        {
          "schema_version": 1,
          "attributes": {
            "allow_auto_merge": false,
            "allow_forking": true,
            "allow_merge_commit": true,
            "allow_rebase_merge": true,
            "allow_squash_merge": true,
            "allow_update_branch": false,
            "archive_on_destroy": null,
            "archived": false,
            "auto_init": true,
            "default_branch": "main",
            "delete_branch_on_merge": true,
            "description": "Repository managed by terraform",
            "etag": "W/\"cacd28e4c742074aeaa4821628397f34433a2ff98068fecefdbe207e0ccb34f0\"",
            "fork": "false",
            "full_name": "sonesuke/cypher-rs",
            "git_clone_url": "git://github.com/sonesuke/cypher-rs.git",
            "gitignore_template": null,
            "has_discussions": false,
            "has_downloads": false,
            "has_issues": true,
            "has_projects": false,
            "has_wiki": false,
            "homepage_url": "",
            "html_url": "https://github.com/sonesuke/cypher-rs",
            "http_clone_url": "https://github.com/sonesuke/cypher-rs.git",
            "id": "cypher-rs",
            "ignore_vulnerability_alerts_during_read": false,
            "is_template": false,
            "license_template": null,
            "merge_commit_message": "PR_TITLE",
            "merge_commit_title": "MERGE_MESSAGE",
            "name": "cypher-rs",
            "node_id": "R_kgDORazxAQ",
            "pages": [
              {
                "build_type": "legacy",
                "cname": "",
                "custom_404": false,
                "html_url": "https://sonesuke.github.io/cypher-rs/",
                "source": [
                  {
                    "branch": "main",
                    "path": "/"
                  }
                ],
                "status": "building",
                "url": "https://api.github.com/repos/sonesuke/cypher-rs/pages"
              }
            ],
            "primary_language": "",
            "private": false,
            "repo_id": 1168961793,
            "security_and_analysis": [
              {
                "advanced_security": [],
                "code_security": [],
                "secret_scanning": [
                  {
                    "status": "enabled"
                  }
                ],
                "secret_scanning_ai_detection": [],
                "secret_scanning_non_provider_patterns": [],
                "secret_scanning_push_protection": [
                  {
                    "status": "enabled"
                  }
                ]
              }
            ],
            "source_owner": "",
            "source_repo": "",
            "squash_merge_commit_message": "COMMIT_MESSAGES",
            "squash_merge_commit_title": "COMMIT_OR_PR_TITLE",
            "ssh_clone_url": "git@github.com:sonesuke/cypher-rs.git",
            "svn_url": "https://github.com/sonesuke/cypher-rs",
            "template": [],
            "topics": [],
            "visibility": "public",
            "vulnerability_alerts": true,
            "web_commit_signoff_required": false
          },
          "sensitive_attributes": [],
          "identity_schema_version": 0,
          "private": "eyJzY2hlbWFfdmVyc2lvbiI6IjEifQ=="
        }
      ]
    },
    {
      "mode": "managed",
      "type": "github_repository_dependabot_security_updates",
      "name": "repo",
      "provider": "provider[\"registry.terraform.io/integrations/github\"]",
      "instances": [
        {
          "schema_version": 0,
          "attributes": {
            "enabled": true,
            "id": "cypher-rs",
            "repository": "cypher-rs"
          },
          "sensitive_attributes": [],
          "identity_schema_version": 0,
          "private": "bnVsbA==",
          "dependencies": [
            "github_repository.repo"
          ]
        }
      ]
    },
    {
      "mode": "managed",
      "type": "github_repository_file",
      "name": "ci",
      "provider": "provider[\"registry.terraform.io/integrations/github\"]",
      "instances": [
        {
          "index_key": 0,
          "schema_version": 1,
          "attributes": {
            "autocreate_branch": null,
            "autocreate_branch_source_branch": null,
            "autocreate_branch_source_sha": null,
            "branch": "main",
            "commit_author": null,
            "commit_email": null,
            "commit_message": "chore: add default CI workflow",
            "commit_sha": "f326aa100d5926c2c0f34611f763e532c2eb0a47",
            "content": "name: CI\non: [push, pull_request]\njobs:\n  verify:\n    name: Build \u0026 Verify\n    runs-on: ubuntu-latest\n    permissions:\n      contents: read\n    steps:\n      - run: echo \"CI is running and always passing!\"\n",
            "file": ".github/workflows/ci.yml",
            "id": "cypher-rs:.github/workflows/ci.yml:main",
            "overwrite_on_create": true,
            "ref": "main",
            "repository": "cypher-rs",
            "repository_id": 1168961793,
            "sha": "fa5d43fde5406e19c803c421fc627c3c8946a689"
          },
          "sensitive_attributes": [],
          "identity_schema_version": 0,
          "private": "eyJzY2hlbWFfdmVyc2lvbiI6IjEifQ==",
          "dependencies": [
            "github_repository.repo"
          ]
        }
      ]
    },
    {
      "mode": "managed",
      "type": "github_repository_file",
      "name": "codeql",
      "provider": "provider[\"registry.terraform.io/integrations/github\"]",
      "instances": [
        {
          "index_key": 0,
          "schema_version": 1,
          "attributes": {
            "autocreate_branch": null,
            "autocreate_branch_source_branch": null,
            "autocreate_branch_source_sha": null,
            "branch": "main",
            "commit_author": null,
            "commit_email": null,
            "commit_message": "chore: add CodeQL analysis workflow",
            "commit_sha": "0299e2393f6f4139ad5d70f80e8bf5bb4cf8fa77",
            "content": "name: \"CodeQL\"\n\non:\n  push:\n    branches: [ \"main\" ]\n  pull_request:\n    branches: [ \"main\" ]\n  schedule:\n    - cron: '30 1 * * 0'\n\njobs:\n  analyze:\n    name: Analyze\n    runs-on: ubuntu-latest\n    permissions:\n      actions: read\n      contents: read\n      security-events: write\n\n    strategy:\n      fail-fast: false\n      matrix:\n        language: [\"actions\",\"rust\"]\n\n    steps:\n    - name: Checkout repository\n      uses: actions/checkout@v4\n\n    - name: Initialize CodeQL\n      uses: github/codeql-action/init@v4\n      with:\n        languages: ${{ matrix.language }}\n\n    - name: Autobuild\n      uses: github/codeql-action/autobuild@v4\n\n    - name: Perform CodeQL Analysis\n      uses: github/codeql-action/analyze@v4\n      with:\n        category: \"/language:${{matrix.language}}\"\n",
            "file": ".github/workflows/codeql.yml",
            "id": "cypher-rs:.github/workflows/codeql.yml:main",
            "overwrite_on_create": true,
            "ref": "main",
            "repository": "cypher-rs",
            "repository_id": 1168961793,
            "sha": "865c453ea0b3d55a4c03a14918bdb088c63a3204"
          },
          "sensitive_attributes": [],
          "identity_schema_version": 0,
          "private": "eyJzY2hlbWFfdmVyc2lvbiI6IjEifQ==",
          "dependencies": [
            "github_repository.repo"
          ]
        }
      ]
    },
    {
      "mode": "managed",
      "type": "github_repository_file",
      "name": "dependabot",
      "provider": "provider[\"registry.terraform.io/integrations/github\"]",
      "instances": [
        {
          "index_key": 0,
          "schema_version": 1,
          "attributes": {
            "autocreate_branch": null,
            "autocreate_branch_source_branch": null,
            "autocreate_branch_source_sha": null,
            "branch": "main",
            "commit_author": null,
            "commit_email": null,
            "commit_message": "chore: add dependabot configuration",
            "commit_sha": "285f1f0ee8023bd87c25ca1e1d1ca4ddaaa552ad",
            "content": "\"updates\":\n- \"directory\": \"/\"\n  \"groups\":\n    \"all-dependencies\":\n      \"patterns\":\n      - \"*\"\n  \"package-ecosystem\": \"cargo\"\n  \"schedule\":\n    \"interval\": \"weekly\"\n- \"directory\": \"/\"\n  \"groups\":\n    \"all-dependencies\":\n      \"patterns\":\n      - \"*\"\n  \"package-ecosystem\": \"github-actions\"\n  \"schedule\":\n    \"interval\": \"weekly\"\n\"version\": 2\n",
            "file": ".github/dependabot.yml",
            "id": "cypher-rs:.github/dependabot.yml:main",
            "overwrite_on_create": true,
            "ref": "main",
            "repository": "cypher-rs",
            "repository_id": 1168961793,
            "sha": "24ece3df2359b63874e8f5d44237d31416800254"
          },
          "sensitive_attributes": [],
          "identity_schema_version": 0,
          "private": "eyJzY2hlbWFfdmVyc2lvbiI6IjEifQ==",
          "dependencies": [
            "github_repository.repo"
          ]
        }
      ]
    },
    {
      "mode": "managed",
      "type": "github_repository_ruleset",
      "name": "main",
      "provider": "provider[\"registry.terraform.io/integrations/github\"]",
      "instances": [
        {
          "schema_version": 1,
          "attributes": {
            "bypass_actors": [],
            "conditions": [
              {
                "ref_name": [
                  {
                    "exclude": [],
                    "include": [
                      "refs/heads/main"
                    ]
                  }
                ]
              }
            ],
            "enforcement": "active",
            "etag": "\"cace0c2d1241c0b1b17fdae5c8e53a33446e32f3a86b3a7f2decbc17d7949da0\"",
            "id": "13342717",
            "name": "main-protection",
            "node_id": "RRS_lACqUmVwb3NpdG9yec5FrPEBzgDLl_0",
            "repository": "cypher-rs",
            "rules": [
              {
                "branch_name_pattern": [],
                "commit_author_email_pattern": [],
                "commit_message_pattern": [],
                "committer_email_pattern": [],
                "copilot_code_review": [],
                "creation": false,
                "deletion": true,
                "file_extension_restriction": [],
                "file_path_restriction": [],
                "max_file_path_length": [],
                "max_file_size": [],
                "merge_queue": [],
                "non_fast_forward": true,
                "pull_request": [
                  {
                    "allowed_merge_methods": [
                      "merge",
                      "squash",
                      "rebase"
                    ],
                    "dismiss_stale_reviews_on_push": false,
                    "require_code_owner_review": false,
                    "require_last_push_approval": false,
                    "required_approving_review_count": 0,
                    "required_review_thread_resolution": false,
                    "required_reviewers": []
                  }
                ],
                "required_code_scanning": [
                  {
                    "required_code_scanning_tool": [
                      {
                        "alerts_threshold": "errors_and_warnings",
                        "security_alerts_threshold": "high_or_higher",
                        "tool": "CodeQL"
                      }
                    ]
                  }
                ],
                "required_deployments": [],
                "required_linear_history": true,
                "required_signatures": false,
                "required_status_checks": [
                  {
                    "do_not_enforce_on_create": false,
                    "required_check": [
                      {
                        "context": "Analyze (actions)",
                        "integration_id": 0
                      },
                      {
                        "context": "Analyze (rust)",
                        "integration_id": 0
                      },
                      {
                        "context": "Build \u0026 Verify",
                        "integration_id": 0
                      }
                    ],
                    "strict_required_status_checks_policy": true
                  }
                ],
                "tag_name_pattern": [],
                "update": false,
                "update_allows_fetch_and_merge": false
              }
            ],
            "ruleset_id": 13342717,
            "target": "branch"
          },
          "sensitive_attributes": [],
          "identity_schema_version": 0,
          "private": "eyJzY2hlbWFfdmVyc2lvbiI6IjEifQ==",
          "dependencies": [
            "github_repository.repo",
            "github_repository_file.ci",
            "github_repository_file.codeql",
            "github_repository_file.dependabot"
          ]
        }
      ]
    }
  ],
  "check_results": null
}
