{
  "version": 4,
  "terraform_version": "1.14.5",
  "serial": 6,
  "lineage": "024a6567-be57-de94-a36d-03ca0621ed54",
  "outputs": {
    "repository_ssh_clone_url": {
      "value": "git@github.com:sonesuke/arxiv-cli.git",
      "type": "string"
    },
    "repository_url": {
      "value": "https://github.com/sonesuke/arxiv-cli",
      "type": "string"
    }
  },
  "resources": [
    {
      "mode": "managed",
      "type": "github_repository",
      "name": "repo",
      "provider": "provider[\"registry.terraform.io/integrations/github\"]",
      "instances": [
        {
          "schema_version": 1,
          "attributes": {
            "allow_auto_merge": false,
            "allow_forking": true,
            "allow_merge_commit": true,
            "allow_rebase_merge": true,
            "allow_squash_merge": true,
            "allow_update_branch": false,
            "archive_on_destroy": null,
            "archived": false,
            "auto_init": false,
            "default_branch": "main",
            "delete_branch_on_merge": true,
            "description": "",
            "etag": "W/\"6e80d56d5be99d39de903e499de5dd84d921798fe154a222bf54fc4a9c255c8d\"",
            "fork": "false",
            "full_name": "sonesuke/arxiv-cli",
            "git_clone_url": "git://github.com/sonesuke/arxiv-cli.git",
            "gitignore_template": null,
            "has_discussions": false,
            "has_downloads": false,
            "has_issues": true,
            "has_projects": true,
            "has_wiki": true,
            "homepage_url": "",
            "html_url": "https://github.com/sonesuke/arxiv-cli",
            "http_clone_url": "https://github.com/sonesuke/arxiv-cli.git",
            "id": "arxiv-cli",
            "ignore_vulnerability_alerts_during_read": false,
            "is_template": false,
            "license_template": null,
            "merge_commit_message": "PR_TITLE",
            "merge_commit_title": "MERGE_MESSAGE",
            "name": "arxiv-cli",
            "node_id": "R_kgDOQkCRdg",
            "pages": [
              {
                "build_type": "legacy",
                "cname": "",
                "custom_404": false,
                "html_url": "https://sonesuke.github.io/arxiv-cli/",
                "source": [
                  {
                    "branch": "main",
                    "path": "/"
                  }
                ],
                "status": "building",
                "url": "https://api.github.com/repos/sonesuke/arxiv-cli/pages"
              }
            ],
            "primary_language": "Rust",
            "private": false,
            "repo_id": 1111527798,
            "security_and_analysis": [
              {
                "advanced_security": [],
                "code_security": [],
                "secret_scanning": [
                  {
                    "status": "enabled"
                  }
                ],
                "secret_scanning_ai_detection": [],
                "secret_scanning_non_provider_patterns": [],
                "secret_scanning_push_protection": [
                  {
                    "status": "enabled"
                  }
                ]
              }
            ],
            "source_owner": "",
            "source_repo": "",
            "squash_merge_commit_message": "COMMIT_MESSAGES",
            "squash_merge_commit_title": "COMMIT_OR_PR_TITLE",
            "ssh_clone_url": "git@github.com:sonesuke/arxiv-cli.git",
            "svn_url": "https://github.com/sonesuke/arxiv-cli",
            "template": [],
            "topics": [],
            "visibility": "public",
            "vulnerability_alerts": true,
            "web_commit_signoff_required": false
          },
          "sensitive_attributes": [],
          "identity_schema_version": 0,
          "private": "eyJzY2hlbWFfdmVyc2lvbiI6IjEifQ=="
        }
      ]
    },
    {
      "mode": "managed",
      "type": "github_repository_dependabot_security_updates",
      "name": "repo",
      "provider": "provider[\"registry.terraform.io/integrations/github\"]",
      "instances": [
        {
          "schema_version": 0,
          "attributes": {
            "enabled": true,
            "id": "arxiv-cli",
            "repository": "arxiv-cli"
          },
          "sensitive_attributes": [],
          "identity_schema_version": 0,
          "private": "bnVsbA==",
          "dependencies": [
            "github_repository.repo"
          ]
        }
      ]
    },
    {
      "mode": "managed",
      "type": "github_repository_ruleset",
      "name": "main",
      "provider": "provider[\"registry.terraform.io/integrations/github\"]",
      "instances": [
        {
          "schema_version": 1,
          "attributes": {
            "bypass_actors": [],
            "conditions": [
              {
                "ref_name": [
                  {
                    "exclude": [],
                    "include": [
                      "refs/heads/main"
                    ]
                  }
                ]
              }
            ],
            "enforcement": "active",
            "etag": "\"ad0e10c08a071634e5c4a3d25c56c41ad25940a26323adfb6e3ca5b591e2af31\"",
            "id": "12948516",
            "name": "main-protection",
            "node_id": "RRS_lACqUmVwb3NpdG9yec5CQJF2zgDFlCQ",
            "repository": "arxiv-cli",
            "rules": [
              {
                "branch_name_pattern": [],
                "commit_author_email_pattern": [],
                "commit_message_pattern": [],
                "committer_email_pattern": [],
                "copilot_code_review": [],
                "creation": false,
                "deletion": true,
                "file_extension_restriction": [],
                "file_path_restriction": [],
                "max_file_path_length": [],
                "max_file_size": [],
                "merge_queue": [],
                "non_fast_forward": true,
                "pull_request": [
                  {
                    "allowed_merge_methods": [
                      "merge",
                      "squash",
                      "rebase"
                    ],
                    "dismiss_stale_reviews_on_push": false,
                    "require_code_owner_review": false,
                    "require_last_push_approval": false,
                    "required_approving_review_count": 0,
                    "required_review_thread_resolution": false,
                    "required_reviewers": []
                  }
                ],
                "required_code_scanning": [
                  {
                    "required_code_scanning_tool": [
                      {
                        "alerts_threshold": "errors_and_warnings",
                        "security_alerts_threshold": "high_or_higher",
                        "tool": "CodeQL"
                      }
                    ]
                  }
                ],
                "required_deployments": [],
                "required_linear_history": true,
                "required_signatures": false,
                "required_status_checks": [
                  {
                    "do_not_enforce_on_create": false,
                    "required_check": [
                      {
                        "context": "Analyze (actions)",
                        "integration_id": 0
                      },
                      {
                        "context": "Analyze (rust)",
                        "integration_id": 0
                      },
                      {
                        "context": "Build \u0026 Verify",
                        "integration_id": 0
                      }
                    ],
                    "strict_required_status_checks_policy": true
                  }
                ],
                "tag_name_pattern": [],
                "update": false,
                "update_allows_fetch_and_merge": false
              }
            ],
            "ruleset_id": 12948516,
            "target": "branch"
          },
          "sensitive_attributes": [],
          "identity_schema_version": 0,
          "private": "eyJzY2hlbWFfdmVyc2lvbiI6IjEifQ==",
          "dependencies": [
            "github_repository.repo"
          ]
        }
      ]
    }
  ],
  "check_results": null
}
